// !$*UTF8*$!
{
	archiveVersion = 1;
	classes = {
	};
	objectVersion = 48;
	objects = {

/* Begin PBXBuildFile section */
		B53BEB5E2113A8F70037DA84 /* AppDelegate.swift in Sources */ = {isa = PBXBuildFile; fileRef = B53BEB5D2113A8F70037DA84 /* AppDelegate.swift */; };
		B53BEB602113A8F70037DA84 /* SomethingViewController.swift in Sources */ = {isa = PBXBuildFile; fileRef = B53BEB5F2113A8F70037DA84 /* SomethingViewController.swift */; };
		B53BEB632113A8F70037DA84 /* Main.storyboard in Resources */ = {isa = PBXBuildFile; fileRef = B53BEB612113A8F70037DA84 /* Main.storyboard */; };
		B53BEB652113A8F70037DA84 /* Assets.xcassets in Resources */ = {isa = PBXBuildFile; fileRef = B53BEB642113A8F70037DA84 /* Assets.xcassets */; };
		B53BEB682113A8F70037DA84 /* LaunchScreen.storyboard in Resources */ = {isa = PBXBuildFile; fileRef = B53BEB662113A8F70037DA84 /* LaunchScreen.storyboard */; };
		B53BEB702113AE740037DA84 /* Something.swift in Sources */ = {isa = PBXBuildFile; fileRef = B53BEB6F2113AE740037DA84 /* Something.swift */; };
		B53BEB722113AEE10037DA84 /* ViewModel.swift in Sources */ = {isa = PBXBuildFile; fileRef = B53BEB712113AEE10037DA84 /* ViewModel.swift */; };
		B53BEB7A2113B49A0037DA84 /* Classic_MVVMTests.swift in Sources */ = {isa = PBXBuildFile; fileRef = B53BEB792113B49A0037DA84 /* Classic_MVVMTests.swift */; };
/* End PBXBuildFile section */

/* Begin PBXContainerItemProxy section */
		B53BEB7C2113B49A0037DA84 /* PBXContainerItemProxy */ = {
			isa = PBXContainerItemProxy;
			containerPortal = B53BEB522113A8F70037DA84 /* Project object */;
			proxyType = 1;
			remoteGlobalIDString = B53BEB592113A8F70037DA84;
			remoteInfo = "Classic MVVM";
		};
/* End PBXContainerItemProxy section */

/* Begin PBXFileReference section */
		B53BEB5A2113A8F70037DA84 /* Classic MVVM.app */ = {isa = PBXFileReference; explicitFileType = wrapper.application; includeInIndex = 0; path = "Classic MVVM.app"; sourceTree = BUILT_PRODUCTS_DIR; };
		B53BEB5D2113A8F70037DA84 /* AppDelegate.swift */ = {isa = PBXFileReference; lastKnownFileType = sourcecode.swift; path = AppDelegate.swift; sourceTree = "<group>"; };
		B53BEB5F2113A8F70037DA84 /* SomethingViewController.swift */ = {isa = PBXFileReference; lastKnownFileType = sourcecode.swift; path = SomethingViewController.swift; sourceTree = "<group>"; };
		B53BEB622113A8F70037DA84 /* Base */ = {isa = PBXFileReference; lastKnownFileType = file.storyboard; name = Base; path = Base.lproj/Main.storyboard; sourceTree = "<group>"; };
		B53BEB642113A8F70037DA84 /* Assets.xcassets */ = {isa = PBXFileReference; lastKnownFileType = folder.assetcatalog; path = Assets.xcassets; sourceTree = "<group>"; };
		B53BEB672113A8F70037DA84 /* Base */ = {isa = PBXFileReference; lastKnownFileType = file.storyboard; name = Base; path = Base.lproj/LaunchScreen.storyboard; sourceTree = "<group>"; };
		B53BEB692113A8F70037DA84 /* Info.plist */ = {isa = PBXFileReference; lastKnownFileType = text.plist.xml; path = Info.plist; sourceTree = "<group>"; };
		B53BEB6F2113AE740037DA84 /* Something.swift */ = {isa = PBXFileReference; lastKnownFileType = sourcecode.swift; path = Something.swift; sourceTree = "<group>"; };
		B53BEB712113AEE10037DA84 /* ViewModel.swift */ = {isa = PBXFileReference; lastKnownFileType = sourcecode.swift; path = ViewModel.swift; sourceTree = "<group>"; };
		B53BEB772113B49A0037DA84 /* Classic MVVMTests.xctest */ = {isa = PBXFileReference; explicitFileType = wrapper.cfbundle; includeInIndex = 0; path = "Classic MVVMTests.xctest"; sourceTree = BUILT_PRODUCTS_DIR; };
		B53BEB792113B49A0037DA84 /* Classic_MVVMTests.swift */ = {isa = PBXFileReference; lastKnownFileType = sourcecode.swift; path = Classic_MVVMTests.swift; sourceTree = "<group>"; };
		B53BEB7B2113B49A0037DA84 /* Info.plist */ = {isa = PBXFileReference; lastKnownFileType = text.plist.xml; path = Info.plist; sourceTree = "<group>"; };
/* End PBXFileReference section */

/* Begin PBXFrameworksBuildPhase section */
		B53BEB572113A8F70037DA84 /* Frameworks */ = {
			isa = PBXFrameworksBuildPhase;
			buildActionMask = 2147483647;
			files = (
			);
			runOnlyForDeploymentPostprocessing = 0;
		};
		B53BEB742113B49A0037DA84 /* Frameworks */ = {
			isa = PBXFrameworksBuildPhase;
			buildActionMask = 2147483647;
			files = (
			);
			runOnlyForDeploymentPostprocessing = 0;
		};
/* End PBXFrameworksBuildPhase section */

/* Begin PBXGroup section */
		B53BEB512113A8F70037DA84 = {
			isa = PBXGroup;
			children = (
				B53BEB5C2113A8F70037DA84 /* Classic MVVM */,
				B53BEB782113B49A0037DA84 /* Classic MVVMTests */,
				B53BEB5B2113A8F70037DA84 /* Products */,
			);
			sourceTree = "<group>";
		};
		B53BEB5B2113A8F70037DA84 /* Products */ = {
			isa = PBXGroup;
			children = (
				B53BEB5A2113A8F70037DA84 /* Classic MVVM.app */,
				B53BEB772113B49A0037DA84 /* Classic MVVMTests.xctest */,
			);
			name = Products;
			sourceTree = "<group>";
		};
		B53BEB5C2113A8F70037DA84 /* Classic MVVM */ = {
			isa = PBXGroup;
			children = (
				B53BEB5D2113A8F70037DA84 /* AppDelegate.swift */,
				B53BEB5F2113A8F70037DA84 /* SomethingViewController.swift */,
				B53BEB6F2113AE740037DA84 /* Something.swift */,
				B53BEB712113AEE10037DA84 /* ViewModel.swift */,
				B53BEB612113A8F70037DA84 /* Main.storyboard */,
				B53BEB642113A8F70037DA84 /* Assets.xcassets */,
				B53BEB662113A8F70037DA84 /* LaunchScreen.storyboard */,
				B53BEB692113A8F70037DA84 /* Info.plist */,
			);
			path = "Classic MVVM";
			sourceTree = "<group>";
		};
		B53BEB782113B49A0037DA84 /* Classic MVVMTests */ = {
			isa = PBXGroup;
			children = (
				B53BEB792113B49A0037DA84 /* Classic_MVVMTests.swift */,
				B53BEB7B2113B49A0037DA84 /* Info.plist */,
			);
			path = "Classic MVVMTests";
			sourceTree = "<group>";
		};
/* End PBXGroup section */

/* Begin PBXNativeTarget section */
		B53BEB592113A8F70037DA84 /* Classic MVVM */ = {
			isa = PBXNativeTarget;
			buildConfigurationList = B53BEB6C2113A8F70037DA84 /* Build configuration list for PBXNativeTarget "Classic MVVM" */;
			buildPhases = (
				B53BEB562113A8F70037DA84 /* Sources */,
				B53BEB572113A8F70037DA84 /* Frameworks */,
				B53BEB582113A8F70037DA84 /* Resources */,
			);
			buildRules = (
			);
			dependencies = (
			);
			name = "Classic MVVM";
			productName = "Classic MVVM";
			productReference = B53BEB5A2113A8F70037DA84 /* Classic MVVM.app */;
			productType = "com.apple.product-type.application";
		};
		B53BEB762113B49A0037DA84 /* Classic MVVMTests */ = {
			isa = PBXNativeTarget;
			buildConfigurationList = B53BEB7E2113B49A0037DA84 /* Build configuration list for PBXNativeTarget "Classic MVVMTests" */;
			buildPhases = (
				B53BEB732113B49A0037DA84 /* Sources */,
				B53BEB742113B49A0037DA84 /* Frameworks */,
				B53BEB752113B49A0037DA84 /* Resources */,
			);
			buildRules = (
			);
			dependencies = (
				B53BEB7D2113B49A0037DA84 /* PBXTargetDependency */,
			);
			name = "Classic MVVMTests";
			productName = "Classic MVVMTests";
			productReference = B53BEB772113B49A0037DA84 /* Classic MVVMTests.xctest */;
			productType = "com.apple.product-type.bundle.unit-test";
		};
/* End PBXNativeTarget section */

/* Begin PBXProject section */
		B53BEB522113A8F70037DA84 /* Project object */ = {
			isa = PBXProject;
			attributes = {
				LastSwiftUpdateCheck = 0920;
				LastUpgradeCheck = 0920;
				ORGANIZATIONNAME = Thufik;
				TargetAttributes = {
					B53BEB592113A8F70037DA84 = {
						CreatedOnToolsVersion = 9.2;
						ProvisioningStyle = Automatic;
					};
					B53BEB762113B49A0037DA84 = {
						CreatedOnToolsVersion = 9.2;
						ProvisioningStyle = Automatic;
						TestTargetID = B53BEB592113A8F70037DA84;
					};
				};
			};
			buildConfigurationList = B53BEB552113A8F70037DA84 /* Build configuration list for PBXProject "Classic MVVM" */;
			compatibilityVersion = "Xcode 8.0";
			developmentRegion = en;
			hasScannedForEncodings = 0;
			knownRegions = (
				en,
				Base,
			);
			mainGroup = B53BEB512113A8F70037DA84;
			productRefGroup = B53BEB5B2113A8F70037DA84 /* Products */;
			projectDirPath = "";
			projectRoot = "";
			targets = (
				B53BEB592113A8F70037DA84 /* Classic MVVM */,
				B53BEB762113B49A0037DA84 /* Classic MVVMTests */,
			);
		};
/* End PBXProject section */

/* Begin PBXResourcesBuildPhase section */
		B53BEB582113A8F70037DA84 /* Resources */ = {
			isa = PBXResourcesBuildPhase;
			buildActionMask = 2147483647;
			files = (
				B53BEB682113A8F70037DA84 /* LaunchScreen.storyboard in Resources */,
				B53BEB652113A8F70037DA84 /* Assets.xcassets in Resources */,
				B53BEB632113A8F70037DA84 /* Main.storyboard in Resources */,
			);
			runOnlyForDeploymentPostprocessing = 0;
		};
		B53BEB752113B49A0037DA84 /* Resources */ = {
			isa = PBXResourcesBuildPhase;
			buildActionMask = 2147483647;
			files = (
			);
			runOnlyForDeploymentPostprocessing = 0;
		};
/* End PBXResourcesBuildPhase section */

/* Begin PBXSourcesBuildPhase section */
		B53BEB562113A8F70037DA84 /* Sources */ = {
			isa = PBXSourcesBuildPhase;
			buildActionMask = 2147483647;
			files = (
				B53BEB602113A8F70037DA84 /* SomethingViewController.swift in Sources */,
				B53BEB5E2113A8F70037DA84 /* AppDelegate.swift in Sources */,
				B53BEB722113AEE10037DA84 /* ViewModel.swift in Sources */,
				B53BEB702113AE740037DA84 /* Something.swift in Sources */,
			);
			runOnlyForDeploymentPostprocessing = 0;
		};
		B53BEB732113B49A0037DA84 /* Sources */ = {
			isa = PBXSourcesBuildPhase;
			buildActionMask = 2147483647;
			files = (
				B53BEB7A2113B49A0037DA84 /* Classic_MVVMTests.swift in Sources */,
			);
			runOnlyForDeploymentPostprocessing = 0;
		};
/* End PBXSourcesBuildPhase section */

/* Begin PBXTargetDependency section */
		B53BEB7D2113B49A0037DA84 /* PBXTargetDependency */ = {
			isa = PBXTargetDependency;
			target = B53BEB592113A8F70037DA84 /* Classic MVVM */;
			targetProxy = B53BEB7C2113B49A0037DA84 /* PBXContainerItemProxy */;
		};
/* End PBXTargetDependency section */

/* Begin PBXVariantGroup section */
		B53BEB612113A8F70037DA84 /* Main.storyboard */ = {
			isa = PBXVariantGroup;
			children = (
				B53BEB622113A8F70037DA84 /* Base */,
			);
			name = Main.storyboard;
			sourceTree = "<group>";
		};
		B53BEB662113A8F70037DA84 /* LaunchScreen.storyboard */ = {
			isa = PBXVariantGroup;
			children = (
				B53BEB672113A8F70037DA84 /* Base */,
			);
			name = LaunchScreen.storyboard;
			sourceTree = "<group>";
		};
/* End PBXVariantGroup section */

/* Begin XCBuildConfiguration section */
		B53BEB6A2113A8F70037DA84 /* Debug */ = {
			isa = XCBuildConfiguration;
			buildSettings = {
				ALWAYS_SEARCH_USER_PATHS = NO;
				CLANG_ANALYZER_NONNULL = YES;
				CLANG_ANALYZER_NUMBER_OBJECT_CONVERSION = YES_AGGRESSIVE;
				CLANG_CXX_LANGUAGE_STANDARD = "gnu++14";
				CLANG_CXX_LIBRARY = "libc++";
				CLANG_ENABLE_MODULES = YES;
				CLANG_ENABLE_OBJC_ARC = YES;
				CLANG_WARN_BLOCK_CAPTURE_AUTORELEASING = YES;
				CLANG_WARN_BOOL_CONVERSION = YES;
				CLANG_WARN_COMMA = YES;
				CLANG_WARN_CONSTANT_CONVERSION = YES;
				CLANG_WARN_DIRECT_OBJC_ISA_USAGE = YES_ERROR;
				CLANG_WARN_DOCUMENTATION_COMMENTS = YES;
				CLANG_WARN_EMPTY_BODY = YES;
				CLANG_WARN_ENUM_CONVERSION = YES;
				CLANG_WARN_INFINITE_RECURSION = YES;
				CLANG_WARN_INT_CONVERSION = YES;
				CLANG_WARN_NON_LITERAL_NULL_CONVERSION = YES;
				CLANG_WARN_OBJC_LITERAL_CONVERSION = YES;
				CLANG_WARN_OBJC_ROOT_CLASS = YES_ERROR;
				CLANG_WARN_RANGE_LOOP_ANALYSIS = YES;
				CLANG_WARN_STRICT_PROTOTYPES = YES;
				CLANG_WARN_SUSPICIOUS_MOVE = YES;
				CLANG_WARN_UNGUARDED_AVAILABILITY = YES_AGGRESSIVE;
				CLANG_WARN_UNREACHABLE_CODE = YES;
				CLANG_WARN__DUPLICATE_METHOD_MATCH = YES;
				CODE_SIGN_IDENTITY = "iPhone Developer";
				COPY_PHASE_STRIP = NO;
				DEBUG_INFORMATION_FORMAT = dwarf;
				ENABLE_STRICT_OBJC_MSGSEND = YES;
				ENABLE_TESTABILITY = YES;
				GCC_C_LANGUAGE_STANDARD = gnu11;
				GCC_DYNAMIC_NO_PIC = NO;
				GCC_NO_COMMON_BLOCKS = YES;
				GCC_OPTIMIZATION_LEVEL = 0;
				GCC_PREPROCESSOR_DEFINITIONS = (
					"DEBUG=1",
					"$(inherited)",
				);
				GCC_WARN_64_TO_32_BIT_CONVERSION = YES;
				GCC_WARN_ABOUT_RETURN_TYPE = YES_ERROR;
				GCC_WARN_UNDECLARED_SELECTOR = YES;
				GCC_WARN_UNINITIALIZED_AUTOS = YES_AGGRESSIVE;
				GCC_WARN_UNUSED_FUNCTION = YES;
				GCC_WARN_UNUSED_VARIABLE = YES;
				IPHONEOS_DEPLOYMENT_TARGET = 11.2;
				MTL_ENABLE_DEBUG_INFO = YES;
				ONLY_ACTIVE_ARCH = YES;
				SDKROOT = iphoneos;
				SWIFT_ACTIVE_COMPILATION_CONDITIONS = DEBUG;
				SWIFT_OPTIMIZATION_LEVEL = "-Onone";
			};
			name = Debug;
		};
		B53BEB6B2113A8F70037DA84 /* Release */ = {
			isa = XCBuildConfiguration;
			buildSettings = {
				ALWAYS_SEARCH_USER_PATHS = NO;
				CLANG_ANALYZER_NONNULL = YES;
				CLANG_ANALYZER_NUMBER_OBJECT_CONVERSION = YES_AGGRESSIVE;
				CLANG_CXX_LANGUAGE_STANDARD = "gnu++14";
				CLANG_CXX_LIBRARY = "libc++";
				CLANG_ENABLE_MODULES = YES;
				CLANG_ENABLE_OBJC_ARC = YES;
				CLANG_WARN_BLOCK_CAPTURE_AUTORELEASING = YES;
				CLANG_WARN_BOOL_CONVERSION = YES;
				CLANG_WARN_COMMA = YES;
				CLANG_WARN_CONSTANT_CONVERSION = YES;
				CLANG_WARN_DIRECT_OBJC_ISA_USAGE = YES_ERROR;
				CLANG_WARN_DOCUMENTATION_COMMENTS = YES;
				CLANG_WARN_EMPTY_BODY = YES;
				CLANG_WARN_ENUM_CONVERSION = YES;
				CLANG_WARN_INFINITE_RECURSION = YES;
				CLANG_WARN_INT_CONVERSION = YES;
				CLANG_WARN_NON_LITERAL_NULL_CONVERSION = YES;
				CLANG_WARN_OBJC_LITERAL_CONVERSION = YES;
				CLANG_WARN_OBJC_ROOT_CLASS = YES_ERROR;
				CLANG_WARN_RANGE_LOOP_ANALYSIS = YES;
				CLANG_WARN_STRICT_PROTOTYPES = YES;
				CLANG_WARN_SUSPICIOUS_MOVE = YES;
				CLANG_WARN_UNGUARDED_AVAILABILITY = YES_AGGRESSIVE;
				CLANG_WARN_UNREACHABLE_CODE = YES;
				CLANG_WARN__DUPLICATE_METHOD_MATCH = YES;
				CODE_SIGN_IDENTITY = "iPhone Developer";
				COPY_PHASE_STRIP = NO;
				DEBUG_INFORMATION_FORMAT = "dwarf-with-dsym";
				ENABLE_NS_ASSERTIONS = NO;
				ENABLE_STRICT_OBJC_MSGSEND = YES;
				GCC_C_LANGUAGE_STANDARD = gnu11;
				GCC_NO_COMMON_BLOCKS = YES;
				GCC_WARN_64_TO_32_BIT_CONVERSION = YES;
				GCC_WARN_ABOUT_RETURN_TYPE = YES_ERROR;
				GCC_WARN_UNDECLARED_SELECTOR = YES;
				GCC_WARN_UNINITIALIZED_AUTOS = YES_AGGRESSIVE;
				GCC_WARN_UNUSED_FUNCTION = YES;
				GCC_WARN_UNUSED_VARIABLE = YES;
				IPHONEOS_DEPLOYMENT_TARGET = 11.2;
				MTL_ENABLE_DEBUG_INFO = NO;
				SDKROOT = iphoneos;
				SWIFT_OPTIMIZATION_LEVEL = "-Owholemodule";
				VALIDATE_PRODUCT = YES;
			};
			name = Release;
		};
		B53BEB6D2113A8F70037DA84 /* Debug */ = {
			isa = XCBuildConfiguration;
			buildSettings = {
				ASSETCATALOG_COMPILER_APPICON_NAME = AppIcon;
				CODE_SIGN_STYLE = Automatic;
				DEVELOPMENT_TEAM = 2T9344DJMW;
				INFOPLIST_FILE = "Classic MVVM/Info.plist";
				LD_RUNPATH_SEARCH_PATHS = "$(inherited) @executable_path/Frameworks";
				PRODUCT_BUNDLE_IDENTIFIER = "Thufik.Classic-MVVM";
				PRODUCT_NAME = "$(TARGET_NAME)";
				SWIFT_VERSION = 4.0;
				TARGETED_DEVICE_FAMILY = "1,2";
			};
			name = Debug;
		};
		B53BEB6E2113A8F70037DA84 /* Release */ = {
			isa = XCBuildConfiguration;
			buildSettings = {
				ASSETCATALOG_COMPILER_APPICON_NAME = AppIcon;
				CODE_SIGN_STYLE = Automatic;
				DEVELOPMENT_TEAM = 2T9344DJMW;
				INFOPLIST_FILE = "Classic MVVM/Info.plist";
				LD_RUNPATH_SEARCH_PATHS = "$(inherited) @executable_path/Frameworks";
				PRODUCT_BUNDLE_IDENTIFIER = "Thufik.Classic-MVVM";
				PRODUCT_NAME = "$(TARGET_NAME)";
				SWIFT_VERSION = 4.0;
				TARGETED_DEVICE_FAMILY = "1,2";
			};
			name = Release;
		};
		B53BEB7F2113B49A0037DA84 /* Debug */ = {
			isa = XCBuildConfiguration;
			buildSettings = {
				BUNDLE_LOADER = "$(TEST_HOST)";
				CODE_SIGN_STYLE = Automatic;
				DEVELOPMENT_TEAM = 2T9344DJMW;
				INFOPLIST_FILE = "Classic MVVMTests/Info.plist";
				LD_RUNPATH_SEARCH_PATHS = "$(inherited) @executable_path/Frameworks @loader_path/Frameworks";
				PRODUCT_BUNDLE_IDENTIFIER = "Thufik.Classic-MVVMTests";
				PRODUCT_NAME = "$(TARGET_NAME)";
				SWIFT_VERSION = 4.0;
				TARGETED_DEVICE_FAMILY = "1,2";
				TEST_HOST = "$(BUILT_PRODUCTS_DIR)/Classic MVVM.app/Classic MVVM";
			};
			name = Debug;
		};
		B53BEB802113B49A0037DA84 /* Release */ = {
			isa = XCBuildConfiguration;
			buildSettings = {
				BUNDLE_LOADER = "$(TEST_HOST)";
				CODE_SIGN_STYLE = Automatic;
				DEVELOPMENT_TEAM = 2T9344DJMW;
				INFOPLIST_FILE = "Classic MVVMTests/Info.plist";
				LD_RUNPATH_SEARCH_PATHS = "$(inherited) @executable_path/Frameworks @loader_path/Frameworks";
				PRODUCT_BUNDLE_IDENTIFIER = "Thufik.Classic-MVVMTests";
				PRODUCT_NAME = "$(TARGET_NAME)";
				SWIFT_VERSION = 4.0;
				TARGETED_DEVICE_FAMILY = "1,2";
				TEST_HOST = "$(BUILT_PRODUCTS_DIR)/Classic MVVM.app/Classic MVVM";
			};
			name = Release;
		};
/* End XCBuildConfiguration section */

/* Begin XCConfigurationList section */
		B53BEB552113A8F70037DA84 /* Build configuration list for PBXProject "Classic MVVM" */ = {
			isa = XCConfigurationList;
			buildConfigurations = (
				B53BEB6A2113A8F70037DA84 /* Debug */,
				B53BEB6B2113A8F70037DA84 /* Release */,
			);
			defaultConfigurationIsVisible = 0;
			defaultConfigurationName = Release;
		};
		B53BEB6C2113A8F70037DA84 /* Build configuration list for PBXNativeTarget "Classic MVVM" */ = {
			isa = XCConfigurationList;
			buildConfigurations = (
				B53BEB6D2113A8F70037DA84 /* Debug */,
				B53BEB6E2113A8F70037DA84 /* Release */,
			);
			defaultConfigurationIsVisible = 0;
			defaultConfigurationName = Release;
		};
		B53BEB7E2113B49A0037DA84 /* Build configuration list for PBXNativeTarget "Classic MVVMTests" */ = {
			isa = XCConfigurationList;
			buildConfigurations = (
				B53BEB7F2113B49A0037DA84 /* Debug */,
				B53BEB802113B49A0037DA84 /* Release */,
			);
			defaultConfigurationIsVisible = 0;
			defaultConfigurationName = Release;
		};
/* End XCConfigurationList section */
	};
	rootObject = B53BEB522113A8F70037DA84 /* Project object */;
}
